
Microsoft Visual Studio Solution File, Format Version 12.00
# Visual Studio Version 16
VisualStudioVersion = 16.0.28803.202
MinimumVisualStudioVersion = 10.0.40219.1
Project("{FAE04EC0-301F-11D3-BF4B-00C04F79EFBC}") = "MoreStrings", "MoreStrings\MoreStrings.csproj", "{193270DF-57B9-400B-88C1-71ADD4F205FC}"
EndProject
Project("{FAE04EC0-301F-11D3-BF4B-00C04F79EFBC}") = "AnotherStringToReverse", "AnotherStringToReverse\AnotherStringToReverse.csproj", "{94C78106-7E17-4481-B8BF-7C7858F5EDB2}"
EndProject
Project("{FAE04EC0-301F-11D3-BF4B-00C04F79EFBC}") = "ACharCounter", "ACharCounter\ACharCounter.csproj", "{8A9C011A-70D6-4B9C-A5EA-67EC9DBD7633}"
EndProject
Project("{FAE04EC0-301F-11D3-BF4B-00C04F79EFBC}") = "HOCounter", "HOCounter\HOCounter.csproj", "{3D61AF2D-1150-42B4-AF57-7ED5A0BFB695}"
EndProject
Global
	GlobalSection(SolutionConfigurationPlatforms) = preSolution
		Debug|Any CPU = Debug|Any CPU
		Release|Any CPU = Release|Any CPU
	EndGlobalSection
	GlobalSection(ProjectConfigurationPlatforms) = postSolution
		{193270DF-57B9-400B-88C1-71ADD4F205FC}.Debug|Any CPU.ActiveCfg = Debug|Any CPU
		{193270DF-57B9-400B-88C1-71ADD4F205FC}.Debug|Any CPU.Build.0 = Debug|Any CPU
		{193270DF-57B9-400B-88C1-71ADD4F205FC}.Release|Any CPU.ActiveCfg = Release|Any CPU
		{193270DF-57B9-400B-88C1-71ADD4F205FC}.Release|Any CPU.Build.0 = Release|Any CPU
		{94C78106-7E17-4481-B8BF-7C7858F5EDB2}.Debug|Any CPU.ActiveCfg = Debug|Any CPU
		{94C78106-7E17-4481-B8BF-7C7858F5EDB2}.Debug|Any CPU.Build.0 = Debug|Any CPU
		{94C78106-7E17-4481-B8BF-7C7858F5EDB2}.Release|Any CPU.ActiveCfg = Release|Any CPU
		{94C78106-7E17-4481-B8BF-7C7858F5EDB2}.Release|Any CPU.Build.0 = Release|Any CPU
		{8A9C011A-70D6-4B9C-A5EA-67EC9DBD7633}.Debug|Any CPU.ActiveCfg = Debug|Any CPU
		{8A9C011A-70D6-4B9C-A5EA-67EC9DBD7633}.Debug|Any CPU.Build.0 = Debug|Any CPU
		{8A9C011A-70D6-4B9C-A5EA-67EC9DBD7633}.Release|Any CPU.ActiveCfg = Release|Any CPU
		{8A9C011A-70D6-4B9C-A5EA-67EC9DBD7633}.Release|Any CPU.Build.0 = Release|Any CPU
		{3D61AF2D-1150-42B4-AF57-7ED5A0BFB695}.Debug|Any CPU.ActiveCfg = Debug|Any CPU
		{3D61AF2D-1150-42B4-AF57-7ED5A0BFB695}.Debug|Any CPU.Build.0 = Debug|Any CPU
		{3D61AF2D-1150-42B4-AF57-7ED5A0BFB695}.Release|Any CPU.ActiveCfg = Release|Any CPU
		{3D61AF2D-1150-42B4-AF57-7ED5A0BFB695}.Release|Any CPU.Build.0 = Release|Any CPU
	EndGlobalSection
	GlobalSection(SolutionProperties) = preSolution
		HideSolutionNode = FALSE
	EndGlobalSection
	GlobalSection(ExtensibilityGlobals) = postSolution
		SolutionGuid = {83F9BB17-3043-4C35-981D-962A9B55BA2E}
	EndGlobalSection
EndGlobal
